
Microsoft Visual Studio Solution File, Format Version 12.00
# Visual Studio Version 16
VisualStudioVersion = 16.0.31205.134
MinimumVisualStudioVersion = 10.0.40219.1
Project("{FAE04EC0-301F-11D3-BF4B-00C04F79EFBC}") = "UDP_packet_sender", "UDP_packet_sender\UDP_packet_sender.csproj", "{260F9B0D-FE68-4F05-8544-0ACC8E4A2A97}"
EndProject
Global
	GlobalSection(SolutionConfigurationPlatforms) = preSolution
		Debug|Any CPU = Debug|Any CPU
		Release|Any CPU = Release|Any CPU
	EndGlobalSection
	GlobalSection(ProjectConfigurationPlatforms) = postSolution
		{260F9B0D-FE68-4F05-8544-0ACC8E4A2A97}.Debug|Any CPU.ActiveCfg = Debug|Any CPU
		{260F9B0D-FE68-4F05-8544-0ACC8E4A2A97}.Debug|Any CPU.Build.0 = Debug|Any CPU
		{260F9B0D-FE68-4F05-8544-0ACC8E4A2A97}.Release|Any CPU.ActiveCfg = Release|Any CPU
		{260F9B0D-FE68-4F05-8544-0ACC8E4A2A97}.Release|Any CPU.Build.0 = Release|Any CPU
	EndGlobalSection
	GlobalSection(SolutionProperties) = preSolution
		HideSolutionNode = FALSE
	EndGlobalSection
	GlobalSection(ExtensibilityGlobals) = postSolution
		SolutionGuid = {FEF1A396-D86F-4DD0-AB5C-36296023DB92}
	EndGlobalSection
EndGlobal
